
Microsoft Visual Studio Solution File, Format Version 12.00
# Visual Studio Version 17
VisualStudioVersion = 17.13.35931.197 d17.13
MinimumVisualStudioVersion = 10.0.40219.1
Project("{2150E333-8FDC-42A3-9474-1A3956D46DE8}") = "Core", "Core", "{02EA681E-C7D8-13C7-8484-4AC65E1B71E8}"
EndProject
Project("{FAE04EC0-301F-11D3-BF4B-00C04F79EFBC}") = "FinanceApp.Domain", "Core\FinanceApp.Domain\FinanceApp.Domain.csproj", "{C5E9B157-CB81-4C11-B4A7-55F497194303}"
EndProject
Project("{FAE04EC0-301F-11D3-BF4B-00C04F79EFBC}") = "FinanceApp.Application", "Core\FinanceApp.Application\FinanceApp.Application.csproj", "{5A450D9F-C7E8-4B1A-80A9-92B8FFB9828B}"
EndProject
Global
	GlobalSection(SolutionConfigurationPlatforms) = preSolution
		Debug|Any CPU = Debug|Any CPU
		Release|Any CPU = Release|Any CPU
	EndGlobalSection
	GlobalSection(ProjectConfigurationPlatforms) = postSolution
		{C5E9B157-CB81-4C11-B4A7-55F497194303}.Debug|Any CPU.ActiveCfg = Debug|Any CPU
		{C5E9B157-CB81-4C11-B4A7-55F497194303}.Debug|Any CPU.Build.0 = Debug|Any CPU
		{C5E9B157-CB81-4C11-B4A7-55F497194303}.Release|Any CPU.ActiveCfg = Release|Any CPU
		{C5E9B157-CB81-4C11-B4A7-55F497194303}.Release|Any CPU.Build.0 = Release|Any CPU
		{5A450D9F-C7E8-4B1A-80A9-92B8FFB9828B}.Debug|Any CPU.ActiveCfg = Debug|Any CPU
		{5A450D9F-C7E8-4B1A-80A9-92B8FFB9828B}.Debug|Any CPU.Build.0 = Debug|Any CPU
		{5A450D9F-C7E8-4B1A-80A9-92B8FFB9828B}.Release|Any CPU.ActiveCfg = Release|Any CPU
		{5A450D9F-C7E8-4B1A-80A9-92B8FFB9828B}.Release|Any CPU.Build.0 = Release|Any CPU
	EndGlobalSection
	GlobalSection(SolutionProperties) = preSolution
		HideSolutionNode = FALSE
	EndGlobalSection
	GlobalSection(NestedProjects) = preSolution
		{C5E9B157-CB81-4C11-B4A7-55F497194303} = {02EA681E-C7D8-13C7-8484-4AC65E1B71E8}
		{5A450D9F-C7E8-4B1A-80A9-92B8FFB9828B} = {02EA681E-C7D8-13C7-8484-4AC65E1B71E8}
	EndGlobalSection
	GlobalSection(ExtensibilityGlobals) = postSolution
		SolutionGuid = {DF98839B-F3C3-4966-B60E-8F331B210B4A}
	EndGlobalSection
EndGlobal
